// !$*UTF8*$!
{
	archiveVersion = 1;
	classes = {
	};
	objectVersion = 56;
	objects = {

/* Begin PBXBuildFile section */
		04058AEE2926DD27004970C4 /* AppDelegate.swift in Sources */ = {isa = PBXBuildFile; fileRef = 04058AED2926DD27004970C4 /* AppDelegate.swift */; };
		04058AF02926DD27004970C4 /* SceneDelegate.swift in Sources */ = {isa = PBXBuildFile; fileRef = 04058AEF2926DD27004970C4 /* SceneDelegate.swift */; };
		04058AF22926DD27004970C4 /* PokemonsTable.swift in Sources */ = {isa = PBXBuildFile; fileRef = 04058AF12926DD27004970C4 /* PokemonsTable.swift */; };
		04058AF52926DD27004970C4 /* Main.storyboard in Resources */ = {isa = PBXBuildFile; fileRef = 04058AF32926DD27004970C4 /* Main.storyboard */; };
		04058AF72926DD28004970C4 /* Assets.xcassets in Resources */ = {isa = PBXBuildFile; fileRef = 04058AF62926DD28004970C4 /* Assets.xcassets */; };
		04058AFA2926DD28004970C4 /* LaunchScreen.storyboard in Resources */ = {isa = PBXBuildFile; fileRef = 04058AF82926DD28004970C4 /* LaunchScreen.storyboard */; };
		04058B052926DD29004970C4 /* PokemonSeeTests.swift in Sources */ = {isa = PBXBuildFile; fileRef = 04058B042926DD29004970C4 /* PokemonSeeTests.swift */; };
		04058B0F2926DD29004970C4 /* PokemonSeeUITests.swift in Sources */ = {isa = PBXBuildFile; fileRef = 04058B0E2926DD29004970C4 /* PokemonSeeUITests.swift */; };
		04058B112926DD29004970C4 /* PokemonSeeUITestsLaunchTests.swift in Sources */ = {isa = PBXBuildFile; fileRef = 04058B102926DD29004970C4 /* PokemonSeeUITestsLaunchTests.swift */; };
		0409150C2926E0E700820460 /* PokemonCard.swift in Sources */ = {isa = PBXBuildFile; fileRef = 0409150B2926E0E700820460 /* PokemonCard.swift */; };
		0422D18E2927F745006C7A7C /* PokemonsData.swift in Sources */ = {isa = PBXBuildFile; fileRef = 0422D18D2927F745006C7A7C /* PokemonsData.swift */; };
		0422D1902927F755006C7A7C /* PokemonsModel.swift in Sources */ = {isa = PBXBuildFile; fileRef = 0422D18F2927F755006C7A7C /* PokemonsModel.swift */; };
		0422D1922927F762006C7A7C /* NetworkManager.swift in Sources */ = {isa = PBXBuildFile; fileRef = 0422D1912927F762006C7A7C /* NetworkManager.swift */; };
		0425F1A5293FC7DB00DE83D0 /* Localizable.strings in Resources */ = {isa = PBXBuildFile; fileRef = 0425F1A7293FC7DB00DE83D0 /* Localizable.strings */; };
		04A2482B292ADE97000425A6 /* PokemonCell.swift in Sources */ = {isa = PBXBuildFile; fileRef = 04A2482A292ADE97000425A6 /* PokemonCell.swift */; };
		04A397572938D60C006E0BF2 /* Constants.swift in Sources */ = {isa = PBXBuildFile; fileRef = 04A397562938D60C006E0BF2 /* Constants.swift */; };
		04A397592938D61A006E0BF2 /* Extensions.swift in Sources */ = {isa = PBXBuildFile; fileRef = 04A397582938D61A006E0BF2 /* Extensions.swift */; };
		4C4250C32248E862B25A1DDC /* Pods_PokemonSee.framework in Frameworks */ = {isa = PBXBuildFile; fileRef = 8E18E47008D1FD8091AF68D1 /* Pods_PokemonSee.framework */; };
/* End PBXBuildFile section */

/* Begin PBXContainerItemProxy section */
		04058B012926DD29004970C4 /* PBXContainerItemProxy */ = {
			isa = PBXContainerItemProxy;
			containerPortal = 04058AE22926DD27004970C4 /* Project object */;
			proxyType = 1;
			remoteGlobalIDString = 04058AE92926DD27004970C4;
			remoteInfo = PokemonSee;
		};
		04058B0B2926DD29004970C4 /* PBXContainerItemProxy */ = {
			isa = PBXContainerItemProxy;
			containerPortal = 04058AE22926DD27004970C4 /* Project object */;
			proxyType = 1;
			remoteGlobalIDString = 04058AE92926DD27004970C4;
			remoteInfo = PokemonSee;
		};
/* End PBXContainerItemProxy section */

/* Begin PBXFileReference section */
		04058AEA2926DD27004970C4 /* PokemonSee.app */ = {isa = PBXFileReference; explicitFileType = wrapper.application; includeInIndex = 0; path = PokemonSee.app; sourceTree = BUILT_PRODUCTS_DIR; };
		04058AED2926DD27004970C4 /* AppDelegate.swift */ = {isa = PBXFileReference; lastKnownFileType = sourcecode.swift; path = AppDelegate.swift; sourceTree = "<group>"; };
		04058AEF2926DD27004970C4 /* SceneDelegate.swift */ = {isa = PBXFileReference; lastKnownFileType = sourcecode.swift; path = SceneDelegate.swift; sourceTree = "<group>"; };
		04058AF12926DD27004970C4 /* PokemonsTable.swift */ = {isa = PBXFileReference; lastKnownFileType = sourcecode.swift; path = PokemonsTable.swift; sourceTree = "<group>"; };
		04058AF42926DD27004970C4 /* Base */ = {isa = PBXFileReference; lastKnownFileType = file.storyboard; name = Base; path = Base.lproj/Main.storyboard; sourceTree = "<group>"; };
		04058AF62926DD28004970C4 /* Assets.xcassets */ = {isa = PBXFileReference; lastKnownFileType = folder.assetcatalog; path = Assets.xcassets; sourceTree = "<group>"; };
		04058AF92926DD28004970C4 /* Base */ = {isa = PBXFileReference; lastKnownFileType = file.storyboard; name = Base; path = Base.lproj/LaunchScreen.storyboard; sourceTree = "<group>"; };
		04058AFB2926DD28004970C4 /* Info.plist */ = {isa = PBXFileReference; lastKnownFileType = text.plist.xml; path = Info.plist; sourceTree = "<group>"; };
		04058B002926DD29004970C4 /* PokemonSeeTests.xctest */ = {isa = PBXFileReference; explicitFileType = wrapper.cfbundle; includeInIndex = 0; path = PokemonSeeTests.xctest; sourceTree = BUILT_PRODUCTS_DIR; };
		04058B042926DD29004970C4 /* PokemonSeeTests.swift */ = {isa = PBXFileReference; lastKnownFileType = sourcecode.swift; path = PokemonSeeTests.swift; sourceTree = "<group>"; };
		04058B0A2926DD29004970C4 /* PokemonSeeUITests.xctest */ = {isa = PBXFileReference; explicitFileType = wrapper.cfbundle; includeInIndex = 0; path = PokemonSeeUITests.xctest; sourceTree = BUILT_PRODUCTS_DIR; };
		04058B0E2926DD29004970C4 /* PokemonSeeUITests.swift */ = {isa = PBXFileReference; lastKnownFileType = sourcecode.swift; path = PokemonSeeUITests.swift; sourceTree = "<group>"; };
		04058B102926DD29004970C4 /* PokemonSeeUITestsLaunchTests.swift */ = {isa = PBXFileReference; lastKnownFileType = sourcecode.swift; path = PokemonSeeUITestsLaunchTests.swift; sourceTree = "<group>"; };
		0409150B2926E0E700820460 /* PokemonCard.swift */ = {isa = PBXFileReference; lastKnownFileType = sourcecode.swift; path = PokemonCard.swift; sourceTree = "<group>"; };
		0422D18D2927F745006C7A7C /* PokemonsData.swift */ = {isa = PBXFileReference; lastKnownFileType = sourcecode.swift; path = PokemonsData.swift; sourceTree = "<group>"; };
		0422D18F2927F755006C7A7C /* PokemonsModel.swift */ = {isa = PBXFileReference; lastKnownFileType = sourcecode.swift; path = PokemonsModel.swift; sourceTree = "<group>"; };
		0422D1912927F762006C7A7C /* NetworkManager.swift */ = {isa = PBXFileReference; lastKnownFileType = sourcecode.swift; path = NetworkManager.swift; sourceTree = "<group>"; };
		0425F1A2293FC32100DE83D0 /* ru */ = {isa = PBXFileReference; lastKnownFileType = text.plist.strings; name = ru; path = ru.lproj/LaunchScreen.strings; sourceTree = "<group>"; };
		0425F1A6293FC7DB00DE83D0 /* ru */ = {isa = PBXFileReference; lastKnownFileType = text.plist.strings; name = ru; path = ru.lproj/Localizable.strings; sourceTree = "<group>"; };
		0425F1A8293FC7E100DE83D0 /* en */ = {isa = PBXFileReference; lastKnownFileType = text.plist.strings; name = en; path = en.lproj/Localizable.strings; sourceTree = "<group>"; };
		04A2482A292ADE97000425A6 /* PokemonCell.swift */ = {isa = PBXFileReference; lastKnownFileType = sourcecode.swift; path = PokemonCell.swift; sourceTree = "<group>"; };
		04A397562938D60C006E0BF2 /* Constants.swift */ = {isa = PBXFileReference; lastKnownFileType = sourcecode.swift; path = Constants.swift; sourceTree = "<group>"; };
		04A397582938D61A006E0BF2 /* Extensions.swift */ = {isa = PBXFileReference; lastKnownFileType = sourcecode.swift; path = Extensions.swift; sourceTree = "<group>"; };
		8E18E47008D1FD8091AF68D1 /* Pods_PokemonSee.framework */ = {isa = PBXFileReference; explicitFileType = wrapper.framework; includeInIndex = 0; path = Pods_PokemonSee.framework; sourceTree = BUILT_PRODUCTS_DIR; };
		C8AA1B914AC1FE7BFE9A9DC2 /* Pods-PokemonSee.debug.xcconfig */ = {isa = PBXFileReference; includeInIndex = 1; lastKnownFileType = text.xcconfig; name = "Pods-PokemonSee.debug.xcconfig"; path = "Target Support Files/Pods-PokemonSee/Pods-PokemonSee.debug.xcconfig"; sourceTree = "<group>"; };
		EDFACF0B34C99EACA7C65C19 /* Pods-PokemonSee.release.xcconfig */ = {isa = PBXFileReference; includeInIndex = 1; lastKnownFileType = text.xcconfig; name = "Pods-PokemonSee.release.xcconfig"; path = "Target Support Files/Pods-PokemonSee/Pods-PokemonSee.release.xcconfig"; sourceTree = "<group>"; };
/* End PBXFileReference section */

/* Begin PBXFrameworksBuildPhase section */
		04058AE72926DD27004970C4 /* Frameworks */ = {
			isa = PBXFrameworksBuildPhase;
			buildActionMask = 2147483647;
			files = (
				4C4250C32248E862B25A1DDC /* Pods_PokemonSee.framework in Frameworks */,
			);
			runOnlyForDeploymentPostprocessing = 0;
		};
		04058AFD2926DD29004970C4 /* Frameworks */ = {
			isa = PBXFrameworksBuildPhase;
			buildActionMask = 2147483647;
			files = (
			);
			runOnlyForDeploymentPostprocessing = 0;
		};
		04058B072926DD29004970C4 /* Frameworks */ = {
			isa = PBXFrameworksBuildPhase;
			buildActionMask = 2147483647;
			files = (
			);
			runOnlyForDeploymentPostprocessing = 0;
		};
/* End PBXFrameworksBuildPhase section */

/* Begin PBXGroup section */
		04058AE12926DD27004970C4 = {
			isa = PBXGroup;
			children = (
				04058AEC2926DD27004970C4 /* PokemonSee */,
				04058B032926DD29004970C4 /* PokemonSeeTests */,
				04058B0D2926DD29004970C4 /* PokemonSeeUITests */,
				04058AEB2926DD27004970C4 /* Products */,
				70E95F7AE34300D4AACA4378 /* Pods */,
				07CEB7EB444417A1EDE02E2C /* Frameworks */,
			);
			sourceTree = "<group>";
		};
		04058AEB2926DD27004970C4 /* Products */ = {
			isa = PBXGroup;
			children = (
				04058AEA2926DD27004970C4 /* PokemonSee.app */,
				04058B002926DD29004970C4 /* PokemonSeeTests.xctest */,
				04058B0A2926DD29004970C4 /* PokemonSeeUITests.xctest */,
			);
			name = Products;
			sourceTree = "<group>";
		};
		04058AEC2926DD27004970C4 /* PokemonSee */ = {
			isa = PBXGroup;
			children = (
				04058AED2926DD27004970C4 /* AppDelegate.swift */,
				04058AEF2926DD27004970C4 /* SceneDelegate.swift */,
				04A449D92926E9B20096C1A9 /* Model */,
				04A397522938D140006E0BF2 /* ViewModel */,
				0409150A2926E0B600820460 /* View */,
				0409150D2926E0EC00820460 /* Controller */,
				04A397552938D5ED006E0BF2 /* Utils */,
				04058AF62926DD28004970C4 /* Assets.xcassets */,
				04058AF82926DD28004970C4 /* LaunchScreen.storyboard */,
				04058AFB2926DD28004970C4 /* Info.plist */,
				0425F1A7293FC7DB00DE83D0 /* Localizable.strings */,
			);
			path = PokemonSee;
			sourceTree = "<group>";
		};
		04058B032926DD29004970C4 /* PokemonSeeTests */ = {
			isa = PBXGroup;
			children = (
				04058B042926DD29004970C4 /* PokemonSeeTests.swift */,
			);
			path = PokemonSeeTests;
			sourceTree = "<group>";
		};
		04058B0D2926DD29004970C4 /* PokemonSeeUITests */ = {
			isa = PBXGroup;
			children = (
				04058B0E2926DD29004970C4 /* PokemonSeeUITests.swift */,
				04058B102926DD29004970C4 /* PokemonSeeUITestsLaunchTests.swift */,
			);
			path = PokemonSeeUITests;
			sourceTree = "<group>";
		};
		0409150A2926E0B600820460 /* View */ = {
			isa = PBXGroup;
			children = (
				04058AF32926DD27004970C4 /* Main.storyboard */,
			);
			path = View;
			sourceTree = "<group>";
		};
		0409150D2926E0EC00820460 /* Controller */ = {
			isa = PBXGroup;
			children = (
				04058AF12926DD27004970C4 /* PokemonsTable.swift */,
				0409150B2926E0E700820460 /* PokemonCard.swift */,
				04A2482A292ADE97000425A6 /* PokemonCell.swift */,
			);
			path = Controller;
			sourceTree = "<group>";
		};
		04A397522938D140006E0BF2 /* ViewModel */ = {
			isa = PBXGroup;
			children = (
			);
			path = ViewModel;
			sourceTree = "<group>";
		};
		04A397552938D5ED006E0BF2 /* Utils */ = {
			isa = PBXGroup;
			children = (
				04A397562938D60C006E0BF2 /* Constants.swift */,
				04A397582938D61A006E0BF2 /* Extensions.swift */,
			);
			path = Utils;
			sourceTree = "<group>";
		};
		04A449D92926E9B20096C1A9 /* Model */ = {
			isa = PBXGroup;
			children = (
				0422D18D2927F745006C7A7C /* PokemonsData.swift */,
				0422D18F2927F755006C7A7C /* PokemonsModel.swift */,
				0422D1912927F762006C7A7C /* NetworkManager.swift */,
			);
			path = Model;
			sourceTree = "<group>";
		};
		07CEB7EB444417A1EDE02E2C /* Frameworks */ = {
			isa = PBXGroup;
			children = (
				8E18E47008D1FD8091AF68D1 /* Pods_PokemonSee.framework */,
			);
			name = Frameworks;
			sourceTree = "<group>";
		};
		70E95F7AE34300D4AACA4378 /* Pods */ = {
			isa = PBXGroup;
			children = (
				C8AA1B914AC1FE7BFE9A9DC2 /* Pods-PokemonSee.debug.xcconfig */,
				EDFACF0B34C99EACA7C65C19 /* Pods-PokemonSee.release.xcconfig */,
			);
			path = Pods;
			sourceTree = "<group>";
		};
/* End PBXGroup section */

/* Begin PBXNativeTarget section */
		04058AE92926DD27004970C4 /* PokemonSee */ = {
			isa = PBXNativeTarget;
			buildConfigurationList = 04058B142926DD29004970C4 /* Build configuration list for PBXNativeTarget "PokemonSee" */;
			buildPhases = (
				8D53320C3726874C899A36AB /* [CP] Check Pods Manifest.lock */,
				04058AE62926DD27004970C4 /* Sources */,
				04058AE72926DD27004970C4 /* Frameworks */,
				04058B1D2926DDE4004970C4 /* ShellScript */,
				04058AE82926DD27004970C4 /* Resources */,
				42CE01DCD2EFE105F6138808 /* [CP] Embed Pods Frameworks */,
			);
			buildRules = (
			);
			dependencies = (
			);
			name = PokemonSee;
			packageProductDependencies = (
			);
			productName = PokemonSee;
			productReference = 04058AEA2926DD27004970C4 /* PokemonSee.app */;
			productType = "com.apple.product-type.application";
		};
		04058AFF2926DD29004970C4 /* PokemonSeeTests */ = {
			isa = PBXNativeTarget;
			buildConfigurationList = 04058B172926DD29004970C4 /* Build configuration list for PBXNativeTarget "PokemonSeeTests" */;
			buildPhases = (
				04058AFC2926DD29004970C4 /* Sources */,
				04058AFD2926DD29004970C4 /* Frameworks */,
				04058AFE2926DD29004970C4 /* Resources */,
			);
			buildRules = (
			);
			dependencies = (
				04058B022926DD29004970C4 /* PBXTargetDependency */,
			);
			name = PokemonSeeTests;
			productName = PokemonSeeTests;
			productReference = 04058B002926DD29004970C4 /* PokemonSeeTests.xctest */;
			productType = "com.apple.product-type.bundle.unit-test";
		};
		04058B092926DD29004970C4 /* PokemonSeeUITests */ = {
			isa = PBXNativeTarget;
			buildConfigurationList = 04058B1A2926DD29004970C4 /* Build configuration list for PBXNativeTarget "PokemonSeeUITests" */;
			buildPhases = (
				04058B062926DD29004970C4 /* Sources */,
				04058B072926DD29004970C4 /* Frameworks */,
				04058B082926DD29004970C4 /* Resources */,
			);
			buildRules = (
			);
			dependencies = (
				04058B0C2926DD29004970C4 /* PBXTargetDependency */,
			);
			name = PokemonSeeUITests;
			productName = PokemonSeeUITests;
			productReference = 04058B0A2926DD29004970C4 /* PokemonSeeUITests.xctest */;
			productType = "com.apple.product-type.bundle.ui-testing";
		};
/* End PBXNativeTarget section */

/* Begin PBXProject section */
		04058AE22926DD27004970C4 /* Project object */ = {
			isa = PBXProject;
			attributes = {
				BuildIndependentTargetsInParallel = 1;
				LastSwiftUpdateCheck = 1410;
				LastUpgradeCheck = 1410;
				TargetAttributes = {
					04058AE92926DD27004970C4 = {
						CreatedOnToolsVersion = 14.1;
					};
					04058AFF2926DD29004970C4 = {
						CreatedOnToolsVersion = 14.1;
						TestTargetID = 04058AE92926DD27004970C4;
					};
					04058B092926DD29004970C4 = {
						CreatedOnToolsVersion = 14.1;
						TestTargetID = 04058AE92926DD27004970C4;
					};
				};
			};
			buildConfigurationList = 04058AE52926DD27004970C4 /* Build configuration list for PBXProject "PokemonSee" */;
			compatibilityVersion = "Xcode 14.0";
			developmentRegion = en;
			hasScannedForEncodings = 0;
			knownRegions = (
				en,
				Base,
				ru,
			);
			mainGroup = 04058AE12926DD27004970C4;
			packageReferences = (
			);
			productRefGroup = 04058AEB2926DD27004970C4 /* Products */;
			projectDirPath = "";
			projectRoot = "";
			targets = (
				04058AE92926DD27004970C4 /* PokemonSee */,
				04058AFF2926DD29004970C4 /* PokemonSeeTests */,
				04058B092926DD29004970C4 /* PokemonSeeUITests */,
			);
		};
/* End PBXProject section */

/* Begin PBXResourcesBuildPhase section */
		04058AE82926DD27004970C4 /* Resources */ = {
			isa = PBXResourcesBuildPhase;
			buildActionMask = 2147483647;
			files = (
				04058AFA2926DD28004970C4 /* LaunchScreen.storyboard in Resources */,
				0425F1A5293FC7DB00DE83D0 /* Localizable.strings in Resources */,
				04058AF72926DD28004970C4 /* Assets.xcassets in Resources */,
				04058AF52926DD27004970C4 /* Main.storyboard in Resources */,
			);
			runOnlyForDeploymentPostprocessing = 0;
		};
		04058AFE2926DD29004970C4 /* Resources */ = {
			isa = PBXResourcesBuildPhase;
			buildActionMask = 2147483647;
			files = (
			);
			runOnlyForDeploymentPostprocessing = 0;
		};
		04058B082926DD29004970C4 /* Resources */ = {
			isa = PBXResourcesBuildPhase;
			buildActionMask = 2147483647;
			files = (
			);
			runOnlyForDeploymentPostprocessing = 0;
		};
/* End PBXResourcesBuildPhase section */

/* Begin PBXShellScriptBuildPhase section */
		04058B1D2926DDE4004970C4 /* ShellScript */ = {
			isa = PBXShellScriptBuildPhase;
			alwaysOutOfDate = 1;
			buildActionMask = 2147483647;
			files = (
			);
			inputFileListPaths = (
			);
			inputPaths = (
			);
			outputFileListPaths = (
			);
			outputPaths = (
			);
			runOnlyForDeploymentPostprocessing = 0;
			shellPath = /bin/sh;
			shellScript = "#   ON/OFF Script Toggle (script ON with #, script OFF without #)\n#exit 0\n\n#   App vesion / Build version constants\nsourceFilePath=\"$PROJECT_DIR/$PROJECT_NAME/Base.lproj/LaunchScreen.storyboard\"\nversionNumber=\"$MARKETING_VERSION\"\n\n#   Output version & build numbers into a label on LaunchScreen.storyboard\nsed -i .bak -e \"/userLabel=\\\"APP_VERSION\\\"/s/text=\\\"[^\\\"]*\\\"/text=\\\"$versionNumber\\\"/\" \"$sourceFilePath\"\n\n";
		};
		42CE01DCD2EFE105F6138808 /* [CP] Embed Pods Frameworks */ = {
			isa = PBXShellScriptBuildPhase;
			buildActionMask = 2147483647;
			files = (
			);
			inputFileListPaths = (
				"${PODS_ROOT}/Target Support Files/Pods-PokemonSee/Pods-PokemonSee-frameworks-${CONFIGURATION}-input-files.xcfilelist",
			);
			name = "[CP] Embed Pods Frameworks";
			outputFileListPaths = (
				"${PODS_ROOT}/Target Support Files/Pods-PokemonSee/Pods-PokemonSee-frameworks-${CONFIGURATION}-output-files.xcfilelist",
			);
			runOnlyForDeploymentPostprocessing = 0;
			shellPath = /bin/sh;
			shellScript = "\"${PODS_ROOT}/Target Support Files/Pods-PokemonSee/Pods-PokemonSee-frameworks.sh\"\n";
			showEnvVarsInLog = 0;
		};
		8D53320C3726874C899A36AB /* [CP] Check Pods Manifest.lock */ = {
			isa = PBXShellScriptBuildPhase;
			buildActionMask = 2147483647;
			files = (
			);
			inputFileListPaths = (
			);
			inputPaths = (
				"${PODS_PODFILE_DIR_PATH}/Podfile.lock",
				"${PODS_ROOT}/Manifest.lock",
			);
			name = "[CP] Check Pods Manifest.lock";
			outputFileListPaths = (
			);
			outputPaths = (
				"$(DERIVED_FILE_DIR)/Pods-PokemonSee-checkManifestLockResult.txt",
			);
			runOnlyForDeploymentPostprocessing = 0;
			shellPath = /bin/sh;
			shellScript = "diff \"${PODS_PODFILE_DIR_PATH}/Podfile.lock\" \"${PODS_ROOT}/Manifest.lock\" > /dev/null\nif [ $? != 0 ] ; then\n    # print error to STDERR\n    echo \"error: The sandbox is not in sync with the Podfile.lock. Run 'pod install' or update your CocoaPods installation.\" >&2\n    exit 1\nfi\n# This output is used by Xcode 'outputs' to avoid re-running this script phase.\necho \"SUCCESS\" > \"${SCRIPT_OUTPUT_FILE_0}\"\n";
			showEnvVarsInLog = 0;
		};
/* End PBXShellScriptBuildPhase section */

/* Begin PBXSourcesBuildPhase section */
		04058AE62926DD27004970C4 /* Sources */ = {
			isa = PBXSourcesBuildPhase;
			buildActionMask = 2147483647;
			files = (
				0422D18E2927F745006C7A7C /* PokemonsData.swift in Sources */,
				04A2482B292ADE97000425A6 /* PokemonCell.swift in Sources */,
				0422D1902927F755006C7A7C /* PokemonsModel.swift in Sources */,
				04058AF22926DD27004970C4 /* PokemonsTable.swift in Sources */,
				0422D1922927F762006C7A7C /* NetworkManager.swift in Sources */,
				04A397572938D60C006E0BF2 /* Constants.swift in Sources */,
				04058AEE2926DD27004970C4 /* AppDelegate.swift in Sources */,
				04058AF02926DD27004970C4 /* SceneDelegate.swift in Sources */,
				04A397592938D61A006E0BF2 /* Extensions.swift in Sources */,
				0409150C2926E0E700820460 /* PokemonCard.swift in Sources */,
			);
			runOnlyForDeploymentPostprocessing = 0;
		};
		04058AFC2926DD29004970C4 /* Sources */ = {
			isa = PBXSourcesBuildPhase;
			buildActionMask = 2147483647;
			files = (
				04058B052926DD29004970C4 /* PokemonSeeTests.swift in Sources */,
			);
			runOnlyForDeploymentPostprocessing = 0;
		};
		04058B062926DD29004970C4 /* Sources */ = {
			isa = PBXSourcesBuildPhase;
			buildActionMask = 2147483647;
			files = (
				04058B112926DD29004970C4 /* PokemonSeeUITestsLaunchTests.swift in Sources */,
				04058B0F2926DD29004970C4 /* PokemonSeeUITests.swift in Sources */,
			);
			runOnlyForDeploymentPostprocessing = 0;
		};
/* End PBXSourcesBuildPhase section */

/* Begin PBXTargetDependency section */
		04058B022926DD29004970C4 /* PBXTargetDependency */ = {
			isa = PBXTargetDependency;
			target = 04058AE92926DD27004970C4 /* PokemonSee */;
			targetProxy = 04058B012926DD29004970C4 /* PBXContainerItemProxy */;
		};
		04058B0C2926DD29004970C4 /* PBXTargetDependency */ = {
			isa = PBXTargetDependency;
			target = 04058AE92926DD27004970C4 /* PokemonSee */;
			targetProxy = 04058B0B2926DD29004970C4 /* PBXContainerItemProxy */;
		};
/* End PBXTargetDependency section */

/* Begin PBXVariantGroup section */
		04058AF32926DD27004970C4 /* Main.storyboard */ = {
			isa = PBXVariantGroup;
			children = (
				04058AF42926DD27004970C4 /* Base */,
			);
			name = Main.storyboard;
			sourceTree = "<group>";
		};
		04058AF82926DD28004970C4 /* LaunchScreen.storyboard */ = {
			isa = PBXVariantGroup;
			children = (
				04058AF92926DD28004970C4 /* Base */,
				0425F1A2293FC32100DE83D0 /* ru */,
			);
			name = LaunchScreen.storyboard;
			sourceTree = "<group>";
		};
		0425F1A7293FC7DB00DE83D0 /* Localizable.strings */ = {
			isa = PBXVariantGroup;
			children = (
				0425F1A6293FC7DB00DE83D0 /* ru */,
				0425F1A8293FC7E100DE83D0 /* en */,
			);
			name = Localizable.strings;
			sourceTree = "<group>";
		};
/* End PBXVariantGroup section */

/* Begin XCBuildConfiguration section */
		04058B122926DD29004970C4 /* Debug */ = {
			isa = XCBuildConfiguration;
			buildSettings = {
				ALWAYS_SEARCH_USER_PATHS = NO;
				CLANG_ANALYZER_LOCALIZABILITY_NONLOCALIZED = YES;
				CLANG_ANALYZER_NONNULL = YES;
				CLANG_ANALYZER_NUMBER_OBJECT_CONVERSION = YES_AGGRESSIVE;
				CLANG_CXX_LANGUAGE_STANDARD = "gnu++20";
				CLANG_ENABLE_MODULES = YES;
				CLANG_ENABLE_OBJC_ARC = YES;
				CLANG_ENABLE_OBJC_WEAK = YES;
				CLANG_WARN_BLOCK_CAPTURE_AUTORELEASING = YES;
				CLANG_WARN_BOOL_CONVERSION = YES;
				CLANG_WARN_COMMA = YES;
				CLANG_WARN_CONSTANT_CONVERSION = YES;
				CLANG_WARN_DEPRECATED_OBJC_IMPLEMENTATIONS = YES;
				CLANG_WARN_DIRECT_OBJC_ISA_USAGE = YES_ERROR;
				CLANG_WARN_DOCUMENTATION_COMMENTS = YES;
				CLANG_WARN_EMPTY_BODY = YES;
				CLANG_WARN_ENUM_CONVERSION = YES;
				CLANG_WARN_INFINITE_RECURSION = YES;
				CLANG_WARN_INT_CONVERSION = YES;
				CLANG_WARN_NON_LITERAL_NULL_CONVERSION = YES;
				CLANG_WARN_OBJC_IMPLICIT_RETAIN_SELF = YES;
				CLANG_WARN_OBJC_LITERAL_CONVERSION = YES;
				CLANG_WARN_OBJC_ROOT_CLASS = YES_ERROR;
				CLANG_WARN_QUOTED_INCLUDE_IN_FRAMEWORK_HEADER = YES;
				CLANG_WARN_RANGE_LOOP_ANALYSIS = YES;
				CLANG_WARN_STRICT_PROTOTYPES = YES;
				CLANG_WARN_SUSPICIOUS_MOVE = YES;
				CLANG_WARN_UNGUARDED_AVAILABILITY = YES_AGGRESSIVE;
				CLANG_WARN_UNREACHABLE_CODE = YES;
				CLANG_WARN__DUPLICATE_METHOD_MATCH = YES;
				COPY_PHASE_STRIP = NO;
				DEBUG_INFORMATION_FORMAT = dwarf;
				ENABLE_STRICT_OBJC_MSGSEND = YES;
				ENABLE_TESTABILITY = YES;
				GCC_C_LANGUAGE_STANDARD = gnu11;
				GCC_DYNAMIC_NO_PIC = NO;
				GCC_NO_COMMON_BLOCKS = YES;
				GCC_OPTIMIZATION_LEVEL = 0;
				GCC_PREPROCESSOR_DEFINITIONS = (
					"DEBUG=1",
					"$(inherited)",
				);
				GCC_WARN_64_TO_32_BIT_CONVERSION = YES;
				GCC_WARN_ABOUT_RETURN_TYPE = YES_ERROR;
				GCC_WARN_UNDECLARED_SELECTOR = YES;
				GCC_WARN_UNINITIALIZED_AUTOS = YES_AGGRESSIVE;
				GCC_WARN_UNUSED_FUNCTION = YES;
				GCC_WARN_UNUSED_VARIABLE = YES;
				IPHONEOS_DEPLOYMENT_TARGET = 16.1;
				MTL_ENABLE_DEBUG_INFO = INCLUDE_SOURCE;
				MTL_FAST_MATH = YES;
				ONLY_ACTIVE_ARCH = YES;
				SDKROOT = iphoneos;
				SWIFT_ACTIVE_COMPILATION_CONDITIONS = DEBUG;
				SWIFT_OPTIMIZATION_LEVEL = "-Onone";
			};
			name = Debug;
		};
		04058B132926DD29004970C4 /* Release */ = {
			isa = XCBuildConfiguration;
			buildSettings = {
				ALWAYS_SEARCH_USER_PATHS = NO;
				CLANG_ANALYZER_LOCALIZABILITY_NONLOCALIZED = YES;
				CLANG_ANALYZER_NONNULL = YES;
				CLANG_ANALYZER_NUMBER_OBJECT_CONVERSION = YES_AGGRESSIVE;
				CLANG_CXX_LANGUAGE_STANDARD = "gnu++20";
				CLANG_ENABLE_MODULES = YES;
				CLANG_ENABLE_OBJC_ARC = YES;
				CLANG_ENABLE_OBJC_WEAK = YES;
				CLANG_WARN_BLOCK_CAPTURE_AUTORELEASING = YES;
				CLANG_WARN_BOOL_CONVERSION = YES;
				CLANG_WARN_COMMA = YES;
				CLANG_WARN_CONSTANT_CONVERSION = YES;
				CLANG_WARN_DEPRECATED_OBJC_IMPLEMENTATIONS = YES;
				CLANG_WARN_DIRECT_OBJC_ISA_USAGE = YES_ERROR;
				CLANG_WARN_DOCUMENTATION_COMMENTS = YES;
				CLANG_WARN_EMPTY_BODY = YES;
				CLANG_WARN_ENUM_CONVERSION = YES;
				CLANG_WARN_INFINITE_RECURSION = YES;
				CLANG_WARN_INT_CONVERSION = YES;
				CLANG_WARN_NON_LITERAL_NULL_CONVERSION = YES;
				CLANG_WARN_OBJC_IMPLICIT_RETAIN_SELF = YES;
				CLANG_WARN_OBJC_LITERAL_CONVERSION = YES;
				CLANG_WARN_OBJC_ROOT_CLASS = YES_ERROR;
				CLANG_WARN_QUOTED_INCLUDE_IN_FRAMEWORK_HEADER = YES;
				CLANG_WARN_RANGE_LOOP_ANALYSIS = YES;
				CLANG_WARN_STRICT_PROTOTYPES = YES;
				CLANG_WARN_SUSPICIOUS_MOVE = YES;
				CLANG_WARN_UNGUARDED_AVAILABILITY = YES_AGGRESSIVE;
				CLANG_WARN_UNREACHABLE_CODE = YES;
				CLANG_WARN__DUPLICATE_METHOD_MATCH = YES;
				COPY_PHASE_STRIP = NO;
				DEBUG_INFORMATION_FORMAT = "dwarf-with-dsym";
				ENABLE_NS_ASSERTIONS = NO;
				ENABLE_STRICT_OBJC_MSGSEND = YES;
				GCC_C_LANGUAGE_STANDARD = gnu11;
				GCC_NO_COMMON_BLOCKS = YES;
				GCC_WARN_64_TO_32_BIT_CONVERSION = YES;
				GCC_WARN_ABOUT_RETURN_TYPE = YES_ERROR;
				GCC_WARN_UNDECLARED_SELECTOR = YES;
				GCC_WARN_UNINITIALIZED_AUTOS = YES_AGGRESSIVE;
				GCC_WARN_UNUSED_FUNCTION = YES;
				GCC_WARN_UNUSED_VARIABLE = YES;
				IPHONEOS_DEPLOYMENT_TARGET = 16.1;
				MTL_ENABLE_DEBUG_INFO = NO;
				MTL_FAST_MATH = YES;
				SDKROOT = iphoneos;
				SWIFT_COMPILATION_MODE = wholemodule;
				SWIFT_OPTIMIZATION_LEVEL = "-O";
				VALIDATE_PRODUCT = YES;
			};
			name = Release;
		};
		04058B152926DD29004970C4 /* Debug */ = {
			isa = XCBuildConfiguration;
			baseConfigurationReference = C8AA1B914AC1FE7BFE9A9DC2 /* Pods-PokemonSee.debug.xcconfig */;
			buildSettings = {
				ASSETCATALOG_COMPILER_APPICON_NAME = AppIcon;
				ASSETCATALOG_COMPILER_GLOBAL_ACCENT_COLOR_NAME = AccentColor;
				CODE_SIGN_STYLE = Automatic;
				CURRENT_PROJECT_VERSION = 1;
				DEVELOPMENT_TEAM = K7YS9N6MSY;
				GENERATE_INFOPLIST_FILE = YES;
				INFOPLIST_FILE = PokemonSee/Info.plist;
				INFOPLIST_KEY_UIApplicationSupportsIndirectInputEvents = YES;
				INFOPLIST_KEY_UILaunchStoryboardName = LaunchScreen;
				INFOPLIST_KEY_UIMainStoryboardFile = Main;
				INFOPLIST_KEY_UISupportedInterfaceOrientations_iPad = "UIInterfaceOrientationPortrait UIInterfaceOrientationPortraitUpsideDown UIInterfaceOrientationLandscapeLeft UIInterfaceOrientationLandscapeRight";
				INFOPLIST_KEY_UISupportedInterfaceOrientations_iPhone = "UIInterfaceOrientationPortrait UIInterfaceOrientationLandscapeLeft UIInterfaceOrientationLandscapeRight";
				LD_RUNPATH_SEARCH_PATHS = (
					"$(inherited)",
					"@executable_path/Frameworks",
				);
				MARKETING_VERSION = 1.0;
				PRODUCT_BUNDLE_IDENTIFIER = com.stacysfish.PokemonSee;
				PRODUCT_NAME = "$(TARGET_NAME)";
				SWIFT_EMIT_LOC_STRINGS = YES;
				SWIFT_VERSION = 5.0;
				TARGETED_DEVICE_FAMILY = "1,2";
			};
			name = Debug;
		};
		04058B162926DD29004970C4 /* Release */ = {
			isa = XCBuildConfiguration;
			baseConfigurationReference = EDFACF0B34C99EACA7C65C19 /* Pods-PokemonSee.release.xcconfig */;
			buildSettings = {
				ASSETCATALOG_COMPILER_APPICON_NAME = AppIcon;
				ASSETCATALOG_COMPILER_GLOBAL_ACCENT_COLOR_NAME = AccentColor;
				CODE_SIGN_STYLE = Automatic;
				CURRENT_PROJECT_VERSION = 1;
				DEVELOPMENT_TEAM = K7YS9N6MSY;
				GENERATE_INFOPLIST_FILE = YES;
				INFOPLIST_FILE = PokemonSee/Info.plist;
				INFOPLIST_KEY_UIApplicationSupportsIndirectInputEvents = YES;
				INFOPLIST_KEY_UILaunchStoryboardName = LaunchScreen;
				INFOPLIST_KEY_UIMainStoryboardFile = Main;
				INFOPLIST_KEY_UISupportedInterfaceOrientations_iPad = "UIInterfaceOrientationPortrait UIInterfaceOrientationPortraitUpsideDown UIInterfaceOrientationLandscapeLeft UIInterfaceOrientationLandscapeRight";
				INFOPLIST_KEY_UISupportedInterfaceOrientations_iPhone = "UIInterfaceOrientationPortrait UIInterfaceOrientationLandscapeLeft UIInterfaceOrientationLandscapeRight";
				LD_RUNPATH_SEARCH_PATHS = (
					"$(inherited)",
					"@executable_path/Frameworks",
				);
				MARKETING_VERSION = 1.0;
				PRODUCT_BUNDLE_IDENTIFIER = com.stacysfish.PokemonSee;
				PRODUCT_NAME = "$(TARGET_NAME)";
				SWIFT_EMIT_LOC_STRINGS = YES;
				SWIFT_VERSION = 5.0;
				TARGETED_DEVICE_FAMILY = "1,2";
			};
			name = Release;
		};
		04058B182926DD29004970C4 /* Debug */ = {
			isa = XCBuildConfiguration;
			buildSettings = {
				ALWAYS_EMBED_SWIFT_STANDARD_LIBRARIES = YES;
				BUNDLE_LOADER = "$(TEST_HOST)";
				CODE_SIGN_STYLE = Automatic;
				CURRENT_PROJECT_VERSION = 1;
				DEVELOPMENT_TEAM = K7YS9N6MSY;
				GENERATE_INFOPLIST_FILE = YES;
				IPHONEOS_DEPLOYMENT_TARGET = 16.1;
				MARKETING_VERSION = 1.0;
				PRODUCT_BUNDLE_IDENTIFIER = com.stacysfish.PokemonSeeTests;
				PRODUCT_NAME = "$(TARGET_NAME)";
				SWIFT_EMIT_LOC_STRINGS = NO;
				SWIFT_VERSION = 5.0;
				TARGETED_DEVICE_FAMILY = "1,2";
				TEST_HOST = "$(BUILT_PRODUCTS_DIR)/PokemonSee.app/$(BUNDLE_EXECUTABLE_FOLDER_PATH)/PokemonSee";
			};
			name = Debug;
		};
		04058B192926DD29004970C4 /* Release */ = {
			isa = XCBuildConfiguration;
			buildSettings = {
				ALWAYS_EMBED_SWIFT_STANDARD_LIBRARIES = YES;
				BUNDLE_LOADER = "$(TEST_HOST)";
				CODE_SIGN_STYLE = Automatic;
				CURRENT_PROJECT_VERSION = 1;
				DEVELOPMENT_TEAM = K7YS9N6MSY;
				GENERATE_INFOPLIST_FILE = YES;
				IPHONEOS_DEPLOYMENT_TARGET = 16.1;
				MARKETING_VERSION = 1.0;
				PRODUCT_BUNDLE_IDENTIFIER = com.stacysfish.PokemonSeeTests;
				PRODUCT_NAME = "$(TARGET_NAME)";
				SWIFT_EMIT_LOC_STRINGS = NO;
				SWIFT_VERSION = 5.0;
				TARGETED_DEVICE_FAMILY = "1,2";
				TEST_HOST = "$(BUILT_PRODUCTS_DIR)/PokemonSee.app/$(BUNDLE_EXECUTABLE_FOLDER_PATH)/PokemonSee";
			};
			name = Release;
		};
		04058B1B2926DD29004970C4 /* Debug */ = {
			isa = XCBuildConfiguration;
			buildSettings = {
				ALWAYS_EMBED_SWIFT_STANDARD_LIBRARIES = YES;
				CODE_SIGN_STYLE = Automatic;
				CURRENT_PROJECT_VERSION = 1;
				DEVELOPMENT_TEAM = K7YS9N6MSY;
				GENERATE_INFOPLIST_FILE = YES;
				MARKETING_VERSION = 1.0;
				PRODUCT_BUNDLE_IDENTIFIER = com.stacysfish.PokemonSeeUITests;
				PRODUCT_NAME = "$(TARGET_NAME)";
				SWIFT_EMIT_LOC_STRINGS = NO;
				SWIFT_VERSION = 5.0;
				TARGETED_DEVICE_FAMILY = "1,2";
				TEST_TARGET_NAME = PokemonSee;
			};
			name = Debug;
		};
		04058B1C2926DD29004970C4 /* Release */ = {
			isa = XCBuildConfiguration;
			buildSettings = {
				ALWAYS_EMBED_SWIFT_STANDARD_LIBRARIES = YES;
				CODE_SIGN_STYLE = Automatic;
				CURRENT_PROJECT_VERSION = 1;
				DEVELOPMENT_TEAM = K7YS9N6MSY;
				GENERATE_INFOPLIST_FILE = YES;
				MARKETING_VERSION = 1.0;
				PRODUCT_BUNDLE_IDENTIFIER = com.stacysfish.PokemonSeeUITests;
				PRODUCT_NAME = "$(TARGET_NAME)";
				SWIFT_EMIT_LOC_STRINGS = NO;
				SWIFT_VERSION = 5.0;
				TARGETED_DEVICE_FAMILY = "1,2";
				TEST_TARGET_NAME = PokemonSee;
			};
			name = Release;
		};
/* End XCBuildConfiguration section */

/* Begin XCConfigurationList section */
		04058AE52926DD27004970C4 /* Build configuration list for PBXProject "PokemonSee" */ = {
			isa = XCConfigurationList;
			buildConfigurations = (
				04058B122926DD29004970C4 /* Debug */,
				04058B132926DD29004970C4 /* Release */,
			);
			defaultConfigurationIsVisible = 0;
			defaultConfigurationName = Release;
		};
		04058B142926DD29004970C4 /* Build configuration list for PBXNativeTarget "PokemonSee" */ = {
			isa = XCConfigurationList;
			buildConfigurations = (
				04058B152926DD29004970C4 /* Debug */,
				04058B162926DD29004970C4 /* Release */,
			);
			defaultConfigurationIsVisible = 0;
			defaultConfigurationName = Release;
		};
		04058B172926DD29004970C4 /* Build configuration list for PBXNativeTarget "PokemonSeeTests" */ = {
			isa = XCConfigurationList;
			buildConfigurations = (
				04058B182926DD29004970C4 /* Debug */,
				04058B192926DD29004970C4 /* Release */,
			);
			defaultConfigurationIsVisible = 0;
			defaultConfigurationName = Release;
		};
		04058B1A2926DD29004970C4 /* Build configuration list for PBXNativeTarget "PokemonSeeUITests" */ = {
			isa = XCConfigurationList;
			buildConfigurations = (
				04058B1B2926DD29004970C4 /* Debug */,
				04058B1C2926DD29004970C4 /* Release */,
			);
			defaultConfigurationIsVisible = 0;
			defaultConfigurationName = Release;
		};
/* End XCConfigurationList section */
	};
	rootObject = 04058AE22926DD27004970C4 /* Project object */;
}
